
Microsoft Visual Studio Solution File, Format Version 12.00
# Visual Studio Version 17
VisualStudioVersion = 17.4.33122.133
MinimumVisualStudioVersion = 10.0.40219.1
Project("{FAE04EC0-301F-11D3-BF4B-00C04F79EFBC}") = "Ejercicio_103_Colecciones", "Ejercicio_103_Colecciones.csproj", "{E69B0A16-7ED5-4818-A45A-F1166C0F07CC}"
EndProject
Global
	GlobalSection(SolutionConfigurationPlatforms) = preSolution
		Debug|Any CPU = Debug|Any CPU
		Release|Any CPU = Release|Any CPU
	EndGlobalSection
	GlobalSection(ProjectConfigurationPlatforms) = postSolution
		{E69B0A16-7ED5-4818-A45A-F1166C0F07CC}.Debug|Any CPU.ActiveCfg = Debug|Any CPU
		{E69B0A16-7ED5-4818-A45A-F1166C0F07CC}.Debug|Any CPU.Build.0 = Debug|Any CPU
		{E69B0A16-7ED5-4818-A45A-F1166C0F07CC}.Release|Any CPU.ActiveCfg = Release|Any CPU
		{E69B0A16-7ED5-4818-A45A-F1166C0F07CC}.Release|Any CPU.Build.0 = Release|Any CPU
	EndGlobalSection
	GlobalSection(SolutionProperties) = preSolution
		HideSolutionNode = FALSE
	EndGlobalSection
	GlobalSection(ExtensibilityGlobals) = postSolution
		SolutionGuid = {D3063F49-68C6-4B1F-8669-1FB2151696CF}
	EndGlobalSection
EndGlobal
