
Microsoft Visual Studio Solution File, Format Version 12.00
# Visual Studio Version 17
VisualStudioVersion = 17.4.33122.133
MinimumVisualStudioVersion = 10.0.40219.1
Project("{FAE04EC0-301F-11D3-BF4B-00C04F79EFBC}") = "Ejercicio_101_POO", "Ejercicio_101_POO.csproj", "{5CE55F55-BB89-4CAE-8AF9-458A37471DDC}"
EndProject
Global
	GlobalSection(SolutionConfigurationPlatforms) = preSolution
		Debug|Any CPU = Debug|Any CPU
		Release|Any CPU = Release|Any CPU
	EndGlobalSection
	GlobalSection(ProjectConfigurationPlatforms) = postSolution
		{5CE55F55-BB89-4CAE-8AF9-458A37471DDC}.Debug|Any CPU.ActiveCfg = Debug|Any CPU
		{5CE55F55-BB89-4CAE-8AF9-458A37471DDC}.Debug|Any CPU.Build.0 = Debug|Any CPU
		{5CE55F55-BB89-4CAE-8AF9-458A37471DDC}.Release|Any CPU.ActiveCfg = Release|Any CPU
		{5CE55F55-BB89-4CAE-8AF9-458A37471DDC}.Release|Any CPU.Build.0 = Release|Any CPU
	EndGlobalSection
	GlobalSection(SolutionProperties) = preSolution
		HideSolutionNode = FALSE
	EndGlobalSection
	GlobalSection(ExtensibilityGlobals) = postSolution
		SolutionGuid = {D13AEE3E-0BD8-41CA-89E0-9C160F842521}
	EndGlobalSection
EndGlobal
